// !$*UTF8*$!
{
	archiveVersion = 1;
	classes = {
	};
	objectVersion = 46;
	objects = {

/* Begin PBXBuildFile section */
		7108E1921C925884005BC35F /* AppDelegate.swift in Sources */ = {isa = PBXBuildFile; fileRef = 7108E1911C925884005BC35F /* AppDelegate.swift */; };
		7108E1941C925884005BC35F /* ProfessorInfoViewController.swift in Sources */ = {isa = PBXBuildFile; fileRef = 7108E1931C925884005BC35F /* ProfessorInfoViewController.swift */; };
		7108E1971C925884005BC35F /* Main.storyboard in Resources */ = {isa = PBXBuildFile; fileRef = 7108E1951C925884005BC35F /* Main.storyboard */; };
		7108E1991C925884005BC35F /* Assets.xcassets in Resources */ = {isa = PBXBuildFile; fileRef = 7108E1981C925884005BC35F /* Assets.xcassets */; };
		7108E19C1C925884005BC35F /* LaunchScreen.storyboard in Resources */ = {isa = PBXBuildFile; fileRef = 7108E19A1C925884005BC35F /* LaunchScreen.storyboard */; };
		7108E1A61C9258D6005BC35F /* Department.swift in Sources */ = {isa = PBXBuildFile; fileRef = 7108E1A31C9258D6005BC35F /* Department.swift */; };
		7108E1A71C9258D6005BC35F /* Professor.swift in Sources */ = {isa = PBXBuildFile; fileRef = 7108E1A41C9258D6005BC35F /* Professor.swift */; };
		7108E1A81C9258D6005BC35F /* University.swift in Sources */ = {isa = PBXBuildFile; fileRef = 7108E1A51C9258D6005BC35F /* University.swift */; };
		7108E1AA1C925B38005BC35F /* DepartmentsTableViewController.swift in Sources */ = {isa = PBXBuildFile; fileRef = 7108E1A91C925B38005BC35F /* DepartmentsTableViewController.swift */; };
		7108E1AC1C925B8B005BC35F /* FacultyTableViewController.swift in Sources */ = {isa = PBXBuildFile; fileRef = 7108E1AB1C925B8B005BC35F /* FacultyTableViewController.swift */; };
/* End PBXBuildFile section */

/* Begin PBXFileReference section */
		7108E18E1C925884005BC35F /* Bakshi_FacultyFinder.app */ = {isa = PBXFileReference; explicitFileType = wrapper.application; includeInIndex = 0; path = Bakshi_FacultyFinder.app; sourceTree = BUILT_PRODUCTS_DIR; };
		7108E1911C925884005BC35F /* AppDelegate.swift */ = {isa = PBXFileReference; lastKnownFileType = sourcecode.swift; path = AppDelegate.swift; sourceTree = "<group>"; };
		7108E1931C925884005BC35F /* ProfessorInfoViewController.swift */ = {isa = PBXFileReference; lastKnownFileType = sourcecode.swift; path = ProfessorInfoViewController.swift; sourceTree = "<group>"; };
		7108E1961C925884005BC35F /* Base */ = {isa = PBXFileReference; lastKnownFileType = file.storyboard; name = Base; path = Base.lproj/Main.storyboard; sourceTree = "<group>"; };
		7108E1981C925884005BC35F /* Assets.xcassets */ = {isa = PBXFileReference; lastKnownFileType = folder.assetcatalog; path = Assets.xcassets; sourceTree = "<group>"; };
		7108E19B1C925884005BC35F /* Base */ = {isa = PBXFileReference; lastKnownFileType = file.storyboard; name = Base; path = Base.lproj/LaunchScreen.storyboard; sourceTree = "<group>"; };
		7108E19D1C925884005BC35F /* Info.plist */ = {isa = PBXFileReference; lastKnownFileType = text.plist.xml; path = Info.plist; sourceTree = "<group>"; };
		7108E1A31C9258D6005BC35F /* Department.swift */ = {isa = PBXFileReference; fileEncoding = 4; lastKnownFileType = sourcecode.swift; path = Department.swift; sourceTree = "<group>"; };
		7108E1A41C9258D6005BC35F /* Professor.swift */ = {isa = PBXFileReference; fileEncoding = 4; lastKnownFileType = sourcecode.swift; path = Professor.swift; sourceTree = "<group>"; };
		7108E1A51C9258D6005BC35F /* University.swift */ = {isa = PBXFileReference; fileEncoding = 4; lastKnownFileType = sourcecode.swift; path = University.swift; sourceTree = "<group>"; };
		7108E1A91C925B38005BC35F /* DepartmentsTableViewController.swift */ = {isa = PBXFileReference; fileEncoding = 4; lastKnownFileType = sourcecode.swift; path = DepartmentsTableViewController.swift; sourceTree = "<group>"; };
		7108E1AB1C925B8B005BC35F /* FacultyTableViewController.swift */ = {isa = PBXFileReference; fileEncoding = 4; lastKnownFileType = sourcecode.swift; path = FacultyTableViewController.swift; sourceTree = "<group>"; };
/* End PBXFileReference section */

/* Begin PBXFrameworksBuildPhase section */
		7108E18B1C925884005BC35F /* Frameworks */ = {
			isa = PBXFrameworksBuildPhase;
			buildActionMask = 2147483647;
			files = (
			);
			runOnlyForDeploymentPostprocessing = 0;
		};
/* End PBXFrameworksBuildPhase section */

/* Begin PBXGroup section */
		7108E1851C925884005BC35F = {
			isa = PBXGroup;
			children = (
				7108E1901C925884005BC35F /* Bakshi_FacultyFinder */,
				7108E18F1C925884005BC35F /* Products */,
			);
			sourceTree = "<group>";
		};
		7108E18F1C925884005BC35F /* Products */ = {
			isa = PBXGroup;
			children = (
				7108E18E1C925884005BC35F /* Bakshi_FacultyFinder.app */,
			);
			name = Products;
			sourceTree = "<group>";
		};
		7108E1901C925884005BC35F /* Bakshi_FacultyFinder */ = {
			isa = PBXGroup;
			children = (
				7108E1911C925884005BC35F /* AppDelegate.swift */,
				7108E1931C925884005BC35F /* ProfessorInfoViewController.swift */,
				7108E1951C925884005BC35F /* Main.storyboard */,
				7108E1A31C9258D6005BC35F /* Department.swift */,
				7108E1A41C9258D6005BC35F /* Professor.swift */,
				7108E1A51C9258D6005BC35F /* University.swift */,
				7108E1981C925884005BC35F /* Assets.xcassets */,
				7108E19A1C925884005BC35F /* LaunchScreen.storyboard */,
				7108E19D1C925884005BC35F /* Info.plist */,
				7108E1A91C925B38005BC35F /* DepartmentsTableViewController.swift */,
				7108E1AB1C925B8B005BC35F /* FacultyTableViewController.swift */,
			);
			path = Bakshi_FacultyFinder;
			sourceTree = "<group>";
		};
/* End PBXGroup section */

/* Begin PBXNativeTarget section */
		7108E18D1C925884005BC35F /* Bakshi_FacultyFinder */ = {
			isa = PBXNativeTarget;
			buildConfigurationList = 7108E1A01C925884005BC35F /* Build configuration list for PBXNativeTarget "Bakshi_FacultyFinder" */;
			buildPhases = (
				7108E18A1C925884005BC35F /* Sources */,
				7108E18B1C925884005BC35F /* Frameworks */,
				7108E18C1C925884005BC35F /* Resources */,
			);
			buildRules = (
			);
			dependencies = (
			);
			name = Bakshi_FacultyFinder;
			productName = Bakshi_FacultyFinder;
			productReference = 7108E18E1C925884005BC35F /* Bakshi_FacultyFinder.app */;
			productType = "com.apple.product-type.application";
		};
/* End PBXNativeTarget section */

/* Begin PBXProject section */
		7108E1861C925884005BC35F /* Project object */ = {
			isa = PBXProject;
			attributes = {
				LastSwiftUpdateCheck = 0720;
				LastUpgradeCheck = 0720;
				ORGANIZATIONNAME = "Bakshi,Ronak";
				TargetAttributes = {
					7108E18D1C925884005BC35F = {
						CreatedOnToolsVersion = 7.2;
					};
				};
			};
			buildConfigurationList = 7108E1891C925884005BC35F /* Build configuration list for PBXProject "Bakshi_FacultyFinder" */;
			compatibilityVersion = "Xcode 3.2";
			developmentRegion = English;
			hasScannedForEncodings = 0;
			knownRegions = (
				en,
				Base,
			);
			mainGroup = 7108E1851C925884005BC35F;
			productRefGroup = 7108E18F1C925884005BC35F /* Products */;
			projectDirPath = "";
			projectRoot = "";
			targets = (
				7108E18D1C925884005BC35F /* Bakshi_FacultyFinder */,
			);
		};
/* End PBXProject section */

/* Begin PBXResourcesBuildPhase section */
		7108E18C1C925884005BC35F /* Resources */ = {
			isa = PBXResourcesBuildPhase;
			buildActionMask = 2147483647;
			files = (
				7108E19C1C925884005BC35F /* LaunchScreen.storyboard in Resources */,
				7108E1991C925884005BC35F /* Assets.xcassets in Resources */,
				7108E1971C925884005BC35F /* Main.storyboard in Resources */,
			);
			runOnlyForDeploymentPostprocessing = 0;
		};
/* End PBXResourcesBuildPhase section */

/* Begin PBXSourcesBuildPhase section */
		7108E18A1C925884005BC35F /* Sources */ = {
			isa = PBXSourcesBuildPhase;
			buildActionMask = 2147483647;
			files = (
				7108E1941C925884005BC35F /* ProfessorInfoViewController.swift in Sources */,
				7108E1AC1C925B8B005BC35F /* FacultyTableViewController.swift in Sources */,
				7108E1A71C9258D6005BC35F /* Professor.swift in Sources */,
				7108E1921C925884005BC35F /* AppDelegate.swift in Sources */,
				7108E1AA1C925B38005BC35F /* DepartmentsTableViewController.swift in Sources */,
				7108E1A61C9258D6005BC35F /* Department.swift in Sources */,
				7108E1A81C9258D6005BC35F /* University.swift in Sources */,
			);
			runOnlyForDeploymentPostprocessing = 0;
		};
/* End PBXSourcesBuildPhase section */

/* Begin PBXVariantGroup section */
		7108E1951C925884005BC35F /* Main.storyboard */ = {
			isa = PBXVariantGroup;
			children = (
				7108E1961C925884005BC35F /* Base */,
			);
			name = Main.storyboard;
			sourceTree = "<group>";
		};
		7108E19A1C925884005BC35F /* LaunchScreen.storyboard */ = {
			isa = PBXVariantGroup;
			children = (
				7108E19B1C925884005BC35F /* Base */,
			);
			name = LaunchScreen.storyboard;
			sourceTree = "<group>";
		};
/* End PBXVariantGroup section */

/* Begin XCBuildConfiguration section */
		7108E19E1C925884005BC35F /* Debug */ = {
			isa = XCBuildConfiguration;
			buildSettings = {
				ALWAYS_SEARCH_USER_PATHS = NO;
				CLANG_CXX_LANGUAGE_STANDARD = "gnu++0x";
				CLANG_CXX_LIBRARY = "libc++";
				CLANG_ENABLE_MODULES = YES;
				CLANG_ENABLE_OBJC_ARC = YES;
				CLANG_WARN_BOOL_CONVERSION = YES;
				CLANG_WARN_CONSTANT_CONVERSION = YES;
				CLANG_WARN_DIRECT_OBJC_ISA_USAGE = YES_ERROR;
				CLANG_WARN_EMPTY_BODY = YES;
				CLANG_WARN_ENUM_CONVERSION = YES;
				CLANG_WARN_INT_CONVERSION = YES;
				CLANG_WARN_OBJC_ROOT_CLASS = YES_ERROR;
				CLANG_WARN_UNREACHABLE_CODE = YES;
				CLANG_WARN__DUPLICATE_METHOD_MATCH = YES;
				"CODE_SIGN_IDENTITY[sdk=iphoneos*]" = "iPhone Developer";
				COPY_PHASE_STRIP = NO;
				DEBUG_INFORMATION_FORMAT = dwarf;
				ENABLE_STRICT_OBJC_MSGSEND = YES;
				ENABLE_TESTABILITY = YES;
				GCC_C_LANGUAGE_STANDARD = gnu99;
				GCC_DYNAMIC_NO_PIC = NO;
				GCC_NO_COMMON_BLOCKS = YES;
				GCC_OPTIMIZATION_LEVEL = 0;
				GCC_PREPROCESSOR_DEFINITIONS = (
					"DEBUG=1",
					"$(inherited)",
				);
				GCC_WARN_64_TO_32_BIT_CONVERSION = YES;
				GCC_WARN_ABOUT_RETURN_TYPE = YES_ERROR;
				GCC_WARN_UNDECLARED_SELECTOR = YES;
				GCC_WARN_UNINITIALIZED_AUTOS = YES_AGGRESSIVE;
				GCC_WARN_UNUSED_FUNCTION = YES;
				GCC_WARN_UNUSED_VARIABLE = YES;
				IPHONEOS_DEPLOYMENT_TARGET = 9.2;
				MTL_ENABLE_DEBUG_INFO = YES;
				ONLY_ACTIVE_ARCH = YES;
				SDKROOT = iphoneos;
				SWIFT_OPTIMIZATION_LEVEL = "-Onone";
				TARGETED_DEVICE_FAMILY = "1,2";
			};
			name = Debug;
		};
		7108E19F1C925884005BC35F /* Release */ = {
			isa = XCBuildConfiguration;
			buildSettings = {
				ALWAYS_SEARCH_USER_PATHS = NO;
				CLANG_CXX_LANGUAGE_STANDARD = "gnu++0x";
				CLANG_CXX_LIBRARY = "libc++";
				CLANG_ENABLE_MODULES = YES;
				CLANG_ENABLE_OBJC_ARC = YES;
				CLANG_WARN_BOOL_CONVERSION = YES;
				CLANG_WARN_CONSTANT_CONVERSION = YES;
				CLANG_WARN_DIRECT_OBJC_ISA_USAGE = YES_ERROR;
				CLANG_WARN_EMPTY_BODY = YES;
				CLANG_WARN_ENUM_CONVERSION = YES;
				CLANG_WARN_INT_CONVERSION = YES;
				CLANG_WARN_OBJC_ROOT_CLASS = YES_ERROR;
				CLANG_WARN_UNREACHABLE_CODE = YES;
				CLANG_WARN__DUPLICATE_METHOD_MATCH = YES;
				"CODE_SIGN_IDENTITY[sdk=iphoneos*]" = "iPhone Developer";
				COPY_PHASE_STRIP = NO;
				DEBUG_INFORMATION_FORMAT = "dwarf-with-dsym";
				ENABLE_NS_ASSERTIONS = NO;
				ENABLE_STRICT_OBJC_MSGSEND = YES;
				GCC_C_LANGUAGE_STANDARD = gnu99;
				GCC_NO_COMMON_BLOCKS = YES;
				GCC_WARN_64_TO_32_BIT_CONVERSION = YES;
				GCC_WARN_ABOUT_RETURN_TYPE = YES_ERROR;
				GCC_WARN_UNDECLARED_SELECTOR = YES;
				GCC_WARN_UNINITIALIZED_AUTOS = YES_AGGRESSIVE;
				GCC_WARN_UNUSED_FUNCTION = YES;
				GCC_WARN_UNUSED_VARIABLE = YES;
				IPHONEOS_DEPLOYMENT_TARGET = 9.2;
				MTL_ENABLE_DEBUG_INFO = NO;
				SDKROOT = iphoneos;
				TARGETED_DEVICE_FAMILY = "1,2";
				VALIDATE_PRODUCT = YES;
			};
			name = Release;
		};
		7108E1A11C925884005BC35F /* Debug */ = {
			isa = XCBuildConfiguration;
			buildSettings = {
				ASSETCATALOG_COMPILER_APPICON_NAME = AppIcon;
				INFOPLIST_FILE = Bakshi_FacultyFinder/Info.plist;
				LD_RUNPATH_SEARCH_PATHS = "$(inherited) @executable_path/Frameworks";
				PRODUCT_BUNDLE_IDENTIFIER = "nwmissouri.edu.Bakshi-FacultyFinder";
				PRODUCT_NAME = "$(TARGET_NAME)";
			};
			name = Debug;
		};
		7108E1A21C925884005BC35F /* Release */ = {
			isa = XCBuildConfiguration;
			buildSettings = {
				ASSETCATALOG_COMPILER_APPICON_NAME = AppIcon;
				INFOPLIST_FILE = Bakshi_FacultyFinder/Info.plist;
				LD_RUNPATH_SEARCH_PATHS = "$(inherited) @executable_path/Frameworks";
				PRODUCT_BUNDLE_IDENTIFIER = "nwmissouri.edu.Bakshi-FacultyFinder";
				PRODUCT_NAME = "$(TARGET_NAME)";
			};
			name = Release;
		};
/* End XCBuildConfiguration section */

/* Begin XCConfigurationList section */
		7108E1891C925884005BC35F /* Build configuration list for PBXProject "Bakshi_FacultyFinder" */ = {
			isa = XCConfigurationList;
			buildConfigurations = (
				7108E19E1C925884005BC35F /* Debug */,
				7108E19F1C925884005BC35F /* Release */,
			);
			defaultConfigurationIsVisible = 0;
			defaultConfigurationName = Release;
		};
		7108E1A01C925884005BC35F /* Build configuration list for PBXNativeTarget "Bakshi_FacultyFinder" */ = {
			isa = XCConfigurationList;
			buildConfigurations = (
				7108E1A11C925884005BC35F /* Debug */,
				7108E1A21C925884005BC35F /* Release */,
			);
			defaultConfigurationIsVisible = 0;
		};
/* End XCConfigurationList section */
	};
	rootObject = 7108E1861C925884005BC35F /* Project object */;
}
