// !$*UTF8*$!
{
	archiveVersion = 1;
	classes = {
	};
	objectVersion = 46;
	objects = {

/* Begin PBXBuildFile section */
		717C45031C6AA61D0045803B /* MathTeacher.swift in Sources */ = {isa = PBXBuildFile; fileRef = 717C45021C6AA61D0045803B /* MathTeacher.swift */; };
		71C7413B1C6D731400D3154F /* operation.swift in Sources */ = {isa = PBXBuildFile; fileRef = 71C7413A1C6D731400D3154F /* operation.swift */; };
		71D32E881C6A906300563BB3 /* AppDelegate.swift in Sources */ = {isa = PBXBuildFile; fileRef = 71D32E871C6A906300563BB3 /* AppDelegate.swift */; };
		71D32E8A1C6A906300563BB3 /* ProblemsViewController.swift in Sources */ = {isa = PBXBuildFile; fileRef = 71D32E891C6A906300563BB3 /* ProblemsViewController.swift */; };
		71D32E8C1C6A906300563BB3 /* HistoryViewController.swift in Sources */ = {isa = PBXBuildFile; fileRef = 71D32E8B1C6A906300563BB3 /* HistoryViewController.swift */; };
		71D32E8F1C6A906300563BB3 /* Main.storyboard in Resources */ = {isa = PBXBuildFile; fileRef = 71D32E8D1C6A906300563BB3 /* Main.storyboard */; };
		71D32E911C6A906300563BB3 /* Assets.xcassets in Resources */ = {isa = PBXBuildFile; fileRef = 71D32E901C6A906300563BB3 /* Assets.xcassets */; };
		71D32E941C6A906300563BB3 /* LaunchScreen.storyboard in Resources */ = {isa = PBXBuildFile; fileRef = 71D32E921C6A906300563BB3 /* LaunchScreen.storyboard */; };
		71D32E9C1C6A939B00563BB3 /* SettingsViewController.swift in Sources */ = {isa = PBXBuildFile; fileRef = 71D32E9B1C6A939B00563BB3 /* SettingsViewController.swift */; };
		71D32EA01C6A9A6E00563BB3 /* View Details-25.png in Resources */ = {isa = PBXBuildFile; fileRef = 71D32E9D1C6A9A6E00563BB3 /* View Details-25.png */; };
		71D32EA11C6A9A6E00563BB3 /* Math-25.png in Resources */ = {isa = PBXBuildFile; fileRef = 71D32E9E1C6A9A6E00563BB3 /* Math-25.png */; };
		71D32EA21C6A9A6E00563BB3 /* Settings-25.png in Resources */ = {isa = PBXBuildFile; fileRef = 71D32E9F1C6A9A6E00563BB3 /* Settings-25.png */; };
/* End PBXBuildFile section */

/* Begin PBXFileReference section */
		717C45021C6AA61D0045803B /* MathTeacher.swift */ = {isa = PBXFileReference; fileEncoding = 4; lastKnownFileType = sourcecode.swift; name = MathTeacher.swift; path = ../MathTeacher.swift; sourceTree = "<group>"; };
		71C7413A1C6D731400D3154F /* operation.swift */ = {isa = PBXFileReference; fileEncoding = 4; lastKnownFileType = sourcecode.swift; path = operation.swift; sourceTree = "<group>"; };
		71D32E841C6A906300563BB3 /* The Math Teacher: A Tabberific Assignment!.app */ = {isa = PBXFileReference; explicitFileType = wrapper.application; includeInIndex = 0; path = "The Math Teacher: A Tabberific Assignment!.app"; sourceTree = BUILT_PRODUCTS_DIR; };
		71D32E871C6A906300563BB3 /* AppDelegate.swift */ = {isa = PBXFileReference; lastKnownFileType = sourcecode.swift; path = AppDelegate.swift; sourceTree = "<group>"; };
		71D32E891C6A906300563BB3 /* ProblemsViewController.swift */ = {isa = PBXFileReference; lastKnownFileType = sourcecode.swift; path = ProblemsViewController.swift; sourceTree = "<group>"; };
		71D32E8B1C6A906300563BB3 /* HistoryViewController.swift */ = {isa = PBXFileReference; lastKnownFileType = sourcecode.swift; path = HistoryViewController.swift; sourceTree = "<group>"; };
		71D32E8E1C6A906300563BB3 /* Base */ = {isa = PBXFileReference; lastKnownFileType = file.storyboard; name = Base; path = Base.lproj/Main.storyboard; sourceTree = "<group>"; };
		71D32E901C6A906300563BB3 /* Assets.xcassets */ = {isa = PBXFileReference; lastKnownFileType = folder.assetcatalog; path = Assets.xcassets; sourceTree = "<group>"; };
		71D32E931C6A906300563BB3 /* Base */ = {isa = PBXFileReference; lastKnownFileType = file.storyboard; name = Base; path = Base.lproj/LaunchScreen.storyboard; sourceTree = "<group>"; };
		71D32E951C6A906300563BB3 /* Info.plist */ = {isa = PBXFileReference; lastKnownFileType = text.plist.xml; path = Info.plist; sourceTree = "<group>"; };
		71D32E9B1C6A939B00563BB3 /* SettingsViewController.swift */ = {isa = PBXFileReference; fileEncoding = 4; lastKnownFileType = sourcecode.swift; path = SettingsViewController.swift; sourceTree = "<group>"; };
		71D32E9D1C6A9A6E00563BB3 /* View Details-25.png */ = {isa = PBXFileReference; lastKnownFileType = image.png; path = "View Details-25.png"; sourceTree = "<group>"; };
		71D32E9E1C6A9A6E00563BB3 /* Math-25.png */ = {isa = PBXFileReference; lastKnownFileType = image.png; path = "Math-25.png"; sourceTree = "<group>"; };
		71D32E9F1C6A9A6E00563BB3 /* Settings-25.png */ = {isa = PBXFileReference; lastKnownFileType = image.png; path = "Settings-25.png"; sourceTree = "<group>"; };
/* End PBXFileReference section */

/* Begin PBXFrameworksBuildPhase section */
		71D32E811C6A906300563BB3 /* Frameworks */ = {
			isa = PBXFrameworksBuildPhase;
			buildActionMask = 2147483647;
			files = (
			);
			runOnlyForDeploymentPostprocessing = 0;
		};
/* End PBXFrameworksBuildPhase section */

/* Begin PBXGroup section */
		71D32E7B1C6A906300563BB3 = {
			isa = PBXGroup;
			children = (
				71D32E861C6A906300563BB3 /* The Math Teacher: A Tabberific Assignment! */,
				71D32E851C6A906300563BB3 /* Products */,
			);
			sourceTree = "<group>";
		};
		71D32E851C6A906300563BB3 /* Products */ = {
			isa = PBXGroup;
			children = (
				71D32E841C6A906300563BB3 /* The Math Teacher: A Tabberific Assignment!.app */,
			);
			name = Products;
			sourceTree = "<group>";
		};
		71D32E861C6A906300563BB3 /* The Math Teacher: A Tabberific Assignment! */ = {
			isa = PBXGroup;
			children = (
				717C45021C6AA61D0045803B /* MathTeacher.swift */,
				71D32E871C6A906300563BB3 /* AppDelegate.swift */,
				71D32E891C6A906300563BB3 /* ProblemsViewController.swift */,
				71D32E8B1C6A906300563BB3 /* HistoryViewController.swift */,
				71D32E9B1C6A939B00563BB3 /* SettingsViewController.swift */,
				71D32E8D1C6A906300563BB3 /* Main.storyboard */,
				71D32E901C6A906300563BB3 /* Assets.xcassets */,
				71D32E921C6A906300563BB3 /* LaunchScreen.storyboard */,
				71D32E951C6A906300563BB3 /* Info.plist */,
				71D32E9D1C6A9A6E00563BB3 /* View Details-25.png */,
				71D32E9E1C6A9A6E00563BB3 /* Math-25.png */,
				71D32E9F1C6A9A6E00563BB3 /* Settings-25.png */,
				71C7413A1C6D731400D3154F /* operation.swift */,
			);
			path = "The Math Teacher: A Tabberific Assignment!";
			sourceTree = "<group>";
		};
/* End PBXGroup section */

/* Begin PBXNativeTarget section */
		71D32E831C6A906300563BB3 /* The Math Teacher: A Tabberific Assignment! */ = {
			isa = PBXNativeTarget;
			buildConfigurationList = 71D32E981C6A906300563BB3 /* Build configuration list for PBXNativeTarget "The Math Teacher: A Tabberific Assignment!" */;
			buildPhases = (
				71D32E801C6A906300563BB3 /* Sources */,
				71D32E811C6A906300563BB3 /* Frameworks */,
				71D32E821C6A906300563BB3 /* Resources */,
			);
			buildRules = (
			);
			dependencies = (
			);
			name = "The Math Teacher: A Tabberific Assignment!";
			productName = "The Math Teacher: A Tabberific Assignment!";
			productReference = 71D32E841C6A906300563BB3 /* The Math Teacher: A Tabberific Assignment!.app */;
			productType = "com.apple.product-type.application";
		};
/* End PBXNativeTarget section */

/* Begin PBXProject section */
		71D32E7C1C6A906300563BB3 /* Project object */ = {
			isa = PBXProject;
			attributes = {
				LastSwiftUpdateCheck = 0720;
				LastUpgradeCheck = 0720;
				ORGANIZATIONNAME = "Bakshi,Ronak";
				TargetAttributes = {
					71D32E831C6A906300563BB3 = {
						CreatedOnToolsVersion = 7.2;
					};
				};
			};
			buildConfigurationList = 71D32E7F1C6A906300563BB3 /* Build configuration list for PBXProject "The Math Teacher: A Tabberific Assignment!" */;
			compatibilityVersion = "Xcode 3.2";
			developmentRegion = English;
			hasScannedForEncodings = 0;
			knownRegions = (
				en,
				Base,
			);
			mainGroup = 71D32E7B1C6A906300563BB3;
			productRefGroup = 71D32E851C6A906300563BB3 /* Products */;
			projectDirPath = "";
			projectRoot = "";
			targets = (
				71D32E831C6A906300563BB3 /* The Math Teacher: A Tabberific Assignment! */,
			);
		};
/* End PBXProject section */

/* Begin PBXResourcesBuildPhase section */
		71D32E821C6A906300563BB3 /* Resources */ = {
			isa = PBXResourcesBuildPhase;
			buildActionMask = 2147483647;
			files = (
				71D32E941C6A906300563BB3 /* LaunchScreen.storyboard in Resources */,
				71D32EA21C6A9A6E00563BB3 /* Settings-25.png in Resources */,
				71D32E911C6A906300563BB3 /* Assets.xcassets in Resources */,
				71D32E8F1C6A906300563BB3 /* Main.storyboard in Resources */,
				71D32EA11C6A9A6E00563BB3 /* Math-25.png in Resources */,
				71D32EA01C6A9A6E00563BB3 /* View Details-25.png in Resources */,
			);
			runOnlyForDeploymentPostprocessing = 0;
		};
/* End PBXResourcesBuildPhase section */

/* Begin PBXSourcesBuildPhase section */
		71D32E801C6A906300563BB3 /* Sources */ = {
			isa = PBXSourcesBuildPhase;
			buildActionMask = 2147483647;
			files = (
				71D32E8C1C6A906300563BB3 /* HistoryViewController.swift in Sources */,
				717C45031C6AA61D0045803B /* MathTeacher.swift in Sources */,
				71D32E881C6A906300563BB3 /* AppDelegate.swift in Sources */,
				71C7413B1C6D731400D3154F /* operation.swift in Sources */,
				71D32E9C1C6A939B00563BB3 /* SettingsViewController.swift in Sources */,
				71D32E8A1C6A906300563BB3 /* ProblemsViewController.swift in Sources */,
			);
			runOnlyForDeploymentPostprocessing = 0;
		};
/* End PBXSourcesBuildPhase section */

/* Begin PBXVariantGroup section */
		71D32E8D1C6A906300563BB3 /* Main.storyboard */ = {
			isa = PBXVariantGroup;
			children = (
				71D32E8E1C6A906300563BB3 /* Base */,
			);
			name = Main.storyboard;
			sourceTree = "<group>";
		};
		71D32E921C6A906300563BB3 /* LaunchScreen.storyboard */ = {
			isa = PBXVariantGroup;
			children = (
				71D32E931C6A906300563BB3 /* Base */,
			);
			name = LaunchScreen.storyboard;
			sourceTree = "<group>";
		};
/* End PBXVariantGroup section */

/* Begin XCBuildConfiguration section */
		71D32E961C6A906300563BB3 /* Debug */ = {
			isa = XCBuildConfiguration;
			buildSettings = {
				ALWAYS_SEARCH_USER_PATHS = NO;
				CLANG_CXX_LANGUAGE_STANDARD = "gnu++0x";
				CLANG_CXX_LIBRARY = "libc++";
				CLANG_ENABLE_MODULES = YES;
				CLANG_ENABLE_OBJC_ARC = YES;
				CLANG_WARN_BOOL_CONVERSION = YES;
				CLANG_WARN_CONSTANT_CONVERSION = YES;
				CLANG_WARN_DIRECT_OBJC_ISA_USAGE = YES_ERROR;
				CLANG_WARN_EMPTY_BODY = YES;
				CLANG_WARN_ENUM_CONVERSION = YES;
				CLANG_WARN_INT_CONVERSION = YES;
				CLANG_WARN_OBJC_ROOT_CLASS = YES_ERROR;
				CLANG_WARN_UNREACHABLE_CODE = YES;
				CLANG_WARN__DUPLICATE_METHOD_MATCH = YES;
				"CODE_SIGN_IDENTITY[sdk=iphoneos*]" = "iPhone Developer";
				COPY_PHASE_STRIP = NO;
				DEBUG_INFORMATION_FORMAT = dwarf;
				ENABLE_STRICT_OBJC_MSGSEND = YES;
				ENABLE_TESTABILITY = YES;
				GCC_C_LANGUAGE_STANDARD = gnu99;
				GCC_DYNAMIC_NO_PIC = NO;
				GCC_NO_COMMON_BLOCKS = YES;
				GCC_OPTIMIZATION_LEVEL = 0;
				GCC_PREPROCESSOR_DEFINITIONS = (
					"DEBUG=1",
					"$(inherited)",
				);
				GCC_WARN_64_TO_32_BIT_CONVERSION = YES;
				GCC_WARN_ABOUT_RETURN_TYPE = YES_ERROR;
				GCC_WARN_UNDECLARED_SELECTOR = YES;
				GCC_WARN_UNINITIALIZED_AUTOS = YES_AGGRESSIVE;
				GCC_WARN_UNUSED_FUNCTION = YES;
				GCC_WARN_UNUSED_VARIABLE = YES;
				IPHONEOS_DEPLOYMENT_TARGET = 9.2;
				MTL_ENABLE_DEBUG_INFO = YES;
				ONLY_ACTIVE_ARCH = YES;
				SDKROOT = iphoneos;
				SWIFT_OPTIMIZATION_LEVEL = "-Onone";
				TARGETED_DEVICE_FAMILY = "1,2";
			};
			name = Debug;
		};
		71D32E971C6A906300563BB3 /* Release */ = {
			isa = XCBuildConfiguration;
			buildSettings = {
				ALWAYS_SEARCH_USER_PATHS = NO;
				CLANG_CXX_LANGUAGE_STANDARD = "gnu++0x";
				CLANG_CXX_LIBRARY = "libc++";
				CLANG_ENABLE_MODULES = YES;
				CLANG_ENABLE_OBJC_ARC = YES;
				CLANG_WARN_BOOL_CONVERSION = YES;
				CLANG_WARN_CONSTANT_CONVERSION = YES;
				CLANG_WARN_DIRECT_OBJC_ISA_USAGE = YES_ERROR;
				CLANG_WARN_EMPTY_BODY = YES;
				CLANG_WARN_ENUM_CONVERSION = YES;
				CLANG_WARN_INT_CONVERSION = YES;
				CLANG_WARN_OBJC_ROOT_CLASS = YES_ERROR;
				CLANG_WARN_UNREACHABLE_CODE = YES;
				CLANG_WARN__DUPLICATE_METHOD_MATCH = YES;
				"CODE_SIGN_IDENTITY[sdk=iphoneos*]" = "iPhone Developer";
				COPY_PHASE_STRIP = NO;
				DEBUG_INFORMATION_FORMAT = "dwarf-with-dsym";
				ENABLE_NS_ASSERTIONS = NO;
				ENABLE_STRICT_OBJC_MSGSEND = YES;
				GCC_C_LANGUAGE_STANDARD = gnu99;
				GCC_NO_COMMON_BLOCKS = YES;
				GCC_WARN_64_TO_32_BIT_CONVERSION = YES;
				GCC_WARN_ABOUT_RETURN_TYPE = YES_ERROR;
				GCC_WARN_UNDECLARED_SELECTOR = YES;
				GCC_WARN_UNINITIALIZED_AUTOS = YES_AGGRESSIVE;
				GCC_WARN_UNUSED_FUNCTION = YES;
				GCC_WARN_UNUSED_VARIABLE = YES;
				IPHONEOS_DEPLOYMENT_TARGET = 9.2;
				MTL_ENABLE_DEBUG_INFO = NO;
				SDKROOT = iphoneos;
				TARGETED_DEVICE_FAMILY = "1,2";
				VALIDATE_PRODUCT = YES;
			};
			name = Release;
		};
		71D32E991C6A906300563BB3 /* Debug */ = {
			isa = XCBuildConfiguration;
			buildSettings = {
				ASSETCATALOG_COMPILER_APPICON_NAME = AppIcon;
				INFOPLIST_FILE = "The Math Teacher: A Tabberific Assignment!/Info.plist";
				LD_RUNPATH_SEARCH_PATHS = "$(inherited) @executable_path/Frameworks";
				PRODUCT_BUNDLE_IDENTIFIER = "edu.nwmissouri.The-Math-Teacher--A-Tabberific-Assignment-";
				PRODUCT_NAME = "$(TARGET_NAME)";
			};
			name = Debug;
		};
		71D32E9A1C6A906300563BB3 /* Release */ = {
			isa = XCBuildConfiguration;
			buildSettings = {
				ASSETCATALOG_COMPILER_APPICON_NAME = AppIcon;
				INFOPLIST_FILE = "The Math Teacher: A Tabberific Assignment!/Info.plist";
				LD_RUNPATH_SEARCH_PATHS = "$(inherited) @executable_path/Frameworks";
				PRODUCT_BUNDLE_IDENTIFIER = "edu.nwmissouri.The-Math-Teacher--A-Tabberific-Assignment-";
				PRODUCT_NAME = "$(TARGET_NAME)";
			};
			name = Release;
		};
/* End XCBuildConfiguration section */

/* Begin XCConfigurationList section */
		71D32E7F1C6A906300563BB3 /* Build configuration list for PBXProject "The Math Teacher: A Tabberific Assignment!" */ = {
			isa = XCConfigurationList;
			buildConfigurations = (
				71D32E961C6A906300563BB3 /* Debug */,
				71D32E971C6A906300563BB3 /* Release */,
			);
			defaultConfigurationIsVisible = 0;
			defaultConfigurationName = Release;
		};
		71D32E981C6A906300563BB3 /* Build configuration list for PBXNativeTarget "The Math Teacher: A Tabberific Assignment!" */ = {
			isa = XCConfigurationList;
			buildConfigurations = (
				71D32E991C6A906300563BB3 /* Debug */,
				71D32E9A1C6A906300563BB3 /* Release */,
			);
			defaultConfigurationIsVisible = 0;
			defaultConfigurationName = Release;
		};
/* End XCConfigurationList section */
	};
	rootObject = 71D32E7C1C6A906300563BB3 /* Project object */;
}
